
Microsoft Visual Studio Solution File, Format Version 12.00
# Visual Studio Version 17
VisualStudioVersion = 17.4.33122.133
MinimumVisualStudioVersion = 10.0.40219.1
Project("{FAE04EC0-301F-11D3-BF4B-00C04F79EFBC}") = "ElasticSearch.BLL", "ElasticSearch.BLL\ElasticSearch.BLL.csproj", "{CDDB83B7-1E80-4B2C-9E33-251967A93792}"
EndProject
Project("{FAE04EC0-301F-11D3-BF4B-00C04F79EFBC}") = "ElasticSearch.DATA", "ElasticSearch.DATA\ElasticSearch.DATA.csproj", "{F94DE943-C7E8-4017-B4CF-5D657A86D5EA}"
EndProject
Project("{FAE04EC0-301F-11D3-BF4B-00C04F79EFBC}") = "ElasticSearch.API", "ElasticSearch.API\ElasticSearch.API.csproj", "{580DB58D-CE44-4572-B8E7-49ABFAC32740}"
EndProject
Global
	GlobalSection(SolutionConfigurationPlatforms) = preSolution
		Debug|Any CPU = Debug|Any CPU
		Release|Any CPU = Release|Any CPU
	EndGlobalSection
	GlobalSection(ProjectConfigurationPlatforms) = postSolution
		{CDDB83B7-1E80-4B2C-9E33-251967A93792}.Debug|Any CPU.ActiveCfg = Debug|Any CPU
		{CDDB83B7-1E80-4B2C-9E33-251967A93792}.Debug|Any CPU.Build.0 = Debug|Any CPU
		{CDDB83B7-1E80-4B2C-9E33-251967A93792}.Release|Any CPU.ActiveCfg = Release|Any CPU
		{CDDB83B7-1E80-4B2C-9E33-251967A93792}.Release|Any CPU.Build.0 = Release|Any CPU
		{F94DE943-C7E8-4017-B4CF-5D657A86D5EA}.Debug|Any CPU.ActiveCfg = Debug|Any CPU
		{F94DE943-C7E8-4017-B4CF-5D657A86D5EA}.Debug|Any CPU.Build.0 = Debug|Any CPU
		{F94DE943-C7E8-4017-B4CF-5D657A86D5EA}.Release|Any CPU.ActiveCfg = Release|Any CPU
		{F94DE943-C7E8-4017-B4CF-5D657A86D5EA}.Release|Any CPU.Build.0 = Release|Any CPU
		{580DB58D-CE44-4572-B8E7-49ABFAC32740}.Debug|Any CPU.ActiveCfg = Debug|Any CPU
		{580DB58D-CE44-4572-B8E7-49ABFAC32740}.Debug|Any CPU.Build.0 = Debug|Any CPU
		{580DB58D-CE44-4572-B8E7-49ABFAC32740}.Release|Any CPU.ActiveCfg = Release|Any CPU
		{580DB58D-CE44-4572-B8E7-49ABFAC32740}.Release|Any CPU.Build.0 = Release|Any CPU
	EndGlobalSection
	GlobalSection(SolutionProperties) = preSolution
		HideSolutionNode = FALSE
	EndGlobalSection
	GlobalSection(ExtensibilityGlobals) = postSolution
		SolutionGuid = {B22A5DFC-EE51-45CD-9EC9-09B3FC9B181F}
	EndGlobalSection
EndGlobal
